
Microsoft Visual Studio Solution File, Format Version 12.00
Project("{FAE04EC0-301F-11D3-BF4B-00C04F79EFBC}") = "ClientText", "ClientText.csproj", "{A696BAA0-9766-41DF-8B4F-9C4CB1FF3E4F}"
EndProject
Global
	GlobalSection(SolutionConfigurationPlatforms) = preSolution
		Debug|Any CPU = Debug|Any CPU
		Release|Any CPU = Release|Any CPU
	EndGlobalSection
	GlobalSection(ProjectConfigurationPlatforms) = postSolution
		{A696BAA0-9766-41DF-8B4F-9C4CB1FF3E4F}.Debug|Any CPU.ActiveCfg = Debug|Any CPU
		{A696BAA0-9766-41DF-8B4F-9C4CB1FF3E4F}.Debug|Any CPU.Build.0 = Debug|Any CPU
		{A696BAA0-9766-41DF-8B4F-9C4CB1FF3E4F}.Release|Any CPU.ActiveCfg = Release|Any CPU
		{A696BAA0-9766-41DF-8B4F-9C4CB1FF3E4F}.Release|Any CPU.Build.0 = Release|Any CPU
	EndGlobalSection
EndGlobal
