
Microsoft Visual Studio Solution File, Format Version 12.00
Project("{FAE04EC0-301F-11D3-BF4B-00C04F79EFBC}") = "ClientGui", "ClientGui\ClientGui.csproj", "{BBE47B93-F584-4CA6-985C-E5152EB7D6AF}"
EndProject
Global
	GlobalSection(SolutionConfigurationPlatforms) = preSolution
		Debug|Any CPU = Debug|Any CPU
		Release|Any CPU = Release|Any CPU
	EndGlobalSection
	GlobalSection(ProjectConfigurationPlatforms) = postSolution
		{BBE47B93-F584-4CA6-985C-E5152EB7D6AF}.Debug|Any CPU.ActiveCfg = Debug|Any CPU
		{BBE47B93-F584-4CA6-985C-E5152EB7D6AF}.Debug|Any CPU.Build.0 = Debug|Any CPU
		{BBE47B93-F584-4CA6-985C-E5152EB7D6AF}.Release|Any CPU.ActiveCfg = Release|Any CPU
		{BBE47B93-F584-4CA6-985C-E5152EB7D6AF}.Release|Any CPU.Build.0 = Release|Any CPU
	EndGlobalSection
EndGlobal
